
Microsoft Visual Studio Solution File, Format Version 12.00
# Visual Studio Version 17
VisualStudioVersion = 17.4.33213.308
MinimumVisualStudioVersion = 10.0.40219.1
Project("{F184B08F-C81C-45F6-A57F-5ABD9991F28F}") = "Demo-IP-Config-List", "Demo-IP-Config-List.vbproj", "{9A84CA1D-AF19-417E-A73C-61F76C0EA12B}"
EndProject
Global
	GlobalSection(SolutionConfigurationPlatforms) = preSolution
		Debug|Any CPU = Debug|Any CPU
		Release|Any CPU = Release|Any CPU
	EndGlobalSection
	GlobalSection(ProjectConfigurationPlatforms) = postSolution
		{9A84CA1D-AF19-417E-A73C-61F76C0EA12B}.Debug|Any CPU.ActiveCfg = Debug|Any CPU
		{9A84CA1D-AF19-417E-A73C-61F76C0EA12B}.Debug|Any CPU.Build.0 = Debug|Any CPU
		{9A84CA1D-AF19-417E-A73C-61F76C0EA12B}.Release|Any CPU.ActiveCfg = Release|Any CPU
		{9A84CA1D-AF19-417E-A73C-61F76C0EA12B}.Release|Any CPU.Build.0 = Release|Any CPU
	EndGlobalSection
	GlobalSection(SolutionProperties) = preSolution
		HideSolutionNode = FALSE
	EndGlobalSection
	GlobalSection(ExtensibilityGlobals) = postSolution
		SolutionGuid = {E50C8756-69ED-4EBE-864C-DBE50F34D839}
	EndGlobalSection
EndGlobal
